{
  "version": 4,
  "terraform_version": "0.12.0",
  "serial": 6,
  "lineage": "c3734a0c-91c7-bd85-cfb4-a4402ef760b0",
  "outputs": {},
  "resources": [
    {
      "mode": "managed",
      "type": "digitalocean_droplet",
      "name": "web_server",
      "provider": "provider.digitalocean",
      "instances": [
        {
          "schema_version": 1,
          "attributes": {
            "backups": false,
            "disk": 30,
            "id": "145187912",
            "image": "ubuntu-18-04-x64",
            "ipv4_address": "142.93.7.0",
            "ipv4_address_private": "10.136.140.7",
            "ipv6": false,
            "ipv6_address": "",
            "ipv6_address_private": "",
            "locked": false,
            "memory": 1024,
            "monitoring": false,
            "name": "mastermindweb",
            "price_hourly": 0.01488,
            "price_monthly": 10,
            "private_networking": true,
            "region": "nyc1",
            "resize_disk": true,
            "size": "1gb",
            "ssh_keys": [
              "8c:48:f0:bb:7b:13:74:62:16:fc:7f:a2:0e:67:2c:95"
            ],
            "status": "active",
            "tags": null,
            "urn": "do:droplet:145187912",
            "user_data": null,
            "vcpus": 1,
            "volume_ids": []
          },
          "depends_on": [
            "digitalocean_ssh_key.default"
          ]
        }
      ]
    },
    {
      "mode": "managed",
      "type": "digitalocean_ssh_key",
      "name": "default",
      "provider": "provider.digitalocean",
      "instances": [
        {
          "schema_version": 0,
          "attributes": {
            "fingerprint": "8c:48:f0:bb:7b:13:74:62:16:fc:7f:a2:0e:67:2c:95",
            "id": "24668446",
            "name": "test_key",
            "public_key": "ssh-rsa AAAAB3NzaC1yc2EAAAADAQABAAABAQChbeKbWFSXBDipqNEFBdYv1ZP2VVNQo1OSJbwpYT0UBpA2U4t/O0bBPGBJNopPCxhEp9OIwQJ5fk45EgdgtJA46XMeleuZ2w2fx5kKlpNw/EmrwgeaKpClsJCN0ypnj1bCE0AAZ1pNLzDavH9OnsV7OyGwvEAG6aw3iX5/JPKgRo6xrvzfZCYCPl0AyNz7R6u1ltoZOG49TYw3MB+4/gcQ8TJIJdvLpZPEtB4KvvCHxrAXqDq0tm/TbLZ+X/oSnYc5mafwByNHu+CCRbOmCaErbZkv/staayicGj2FqZhEVFmRvsqzk5EiVsxjz2y7J/F1SAa7x28y07cRULqsxX2v gajhira@ubuntu"
          }
        }
      ]
    }
  ]
}
